// !$*UTF8*$!
{
	archiveVersion = 1;
	classes = {
	};
	objectVersion = 50;
	objects = {

/* Begin PBXBuildFile section */
		39175276211D9A1000D83630 /* MyNavigationController.swift in Sources */ = {isa = PBXBuildFile; fileRef = 39175275211D9A1000D83630 /* MyNavigationController.swift */; };
		39687A8F2102117000FBAECC /* WebsitesViewController.swift in Sources */ = {isa = PBXBuildFile; fileRef = 39687A8E2102117000FBAECC /* WebsitesViewController.swift */; };
		39687A912102124000FBAECC /* WebsiteDetailViewController.swift in Sources */ = {isa = PBXBuildFile; fileRef = 39687A902102124000FBAECC /* WebsiteDetailViewController.swift */; };
		398409C820F778960025AAB2 /* AppDelegate.swift in Sources */ = {isa = PBXBuildFile; fileRef = 398409C720F778960025AAB2 /* AppDelegate.swift */; };
		398409CA20F778960025AAB2 /* CategoriesViewController.swift in Sources */ = {isa = PBXBuildFile; fileRef = 398409C920F778960025AAB2 /* CategoriesViewController.swift */; };
		398409CD20F778960025AAB2 /* Main.storyboard in Resources */ = {isa = PBXBuildFile; fileRef = 398409CB20F778960025AAB2 /* Main.storyboard */; };
		398409CF20F778970025AAB2 /* Assets.xcassets in Resources */ = {isa = PBXBuildFile; fileRef = 398409CE20F778970025AAB2 /* Assets.xcassets */; };
		398409D220F778970025AAB2 /* LaunchScreen.storyboard in Resources */ = {isa = PBXBuildFile; fileRef = 398409D020F778970025AAB2 /* LaunchScreen.storyboard */; };
		39A906432105F47D00D93F0B /* WebsiteViewController.swift in Sources */ = {isa = PBXBuildFile; fileRef = 39A906422105F47D00D93F0B /* WebsiteViewController.swift */; };
		39AF91A620FA1B110072737E /* CategoryDetailViewController.swift in Sources */ = {isa = PBXBuildFile; fileRef = 39AF91A520FA1B110072737E /* CategoryDetailViewController.swift */; };
		39AF91A820FA40BA0072737E /* Website.swift in Sources */ = {isa = PBXBuildFile; fileRef = 39AF91A720FA40BA0072737E /* Website.swift */; };
		39AF91AA20FA41F40072737E /* Category.swift in Sources */ = {isa = PBXBuildFile; fileRef = 39AF91A920FA41F40072737E /* Category.swift */; };
		39AF91AC20FA4E510072737E /* DataModel.swift in Sources */ = {isa = PBXBuildFile; fileRef = 39AF91AB20FA4E510072737E /* DataModel.swift */; };
		39F1755A20FF6D0400BAE7F4 /* IconPickerViewController.swift in Sources */ = {isa = PBXBuildFile; fileRef = 39F1755920FF6D0400BAE7F4 /* IconPickerViewController.swift */; };
/* End PBXBuildFile section */

/* Begin PBXFileReference section */
		39175275211D9A1000D83630 /* MyNavigationController.swift */ = {isa = PBXFileReference; lastKnownFileType = sourcecode.swift; path = MyNavigationController.swift; sourceTree = "<group>"; };
		39687A8E2102117000FBAECC /* WebsitesViewController.swift */ = {isa = PBXFileReference; lastKnownFileType = sourcecode.swift; path = WebsitesViewController.swift; sourceTree = "<group>"; };
		39687A902102124000FBAECC /* WebsiteDetailViewController.swift */ = {isa = PBXFileReference; lastKnownFileType = sourcecode.swift; path = WebsiteDetailViewController.swift; sourceTree = "<group>"; };
		398409C420F778960025AAB2 /* MyNews.app */ = {isa = PBXFileReference; explicitFileType = wrapper.application; includeInIndex = 0; path = MyNews.app; sourceTree = BUILT_PRODUCTS_DIR; };
		398409C720F778960025AAB2 /* AppDelegate.swift */ = {isa = PBXFileReference; lastKnownFileType = sourcecode.swift; path = AppDelegate.swift; sourceTree = "<group>"; };
		398409C920F778960025AAB2 /* CategoriesViewController.swift */ = {isa = PBXFileReference; lastKnownFileType = sourcecode.swift; path = CategoriesViewController.swift; sourceTree = "<group>"; };
		398409CC20F778960025AAB2 /* Base */ = {isa = PBXFileReference; lastKnownFileType = file.storyboard; name = Base; path = Base.lproj/Main.storyboard; sourceTree = "<group>"; };
		398409CE20F778970025AAB2 /* Assets.xcassets */ = {isa = PBXFileReference; lastKnownFileType = folder.assetcatalog; path = Assets.xcassets; sourceTree = "<group>"; };
		398409D120F778970025AAB2 /* Base */ = {isa = PBXFileReference; lastKnownFileType = file.storyboard; name = Base; path = Base.lproj/LaunchScreen.storyboard; sourceTree = "<group>"; };
		398409D320F778970025AAB2 /* Info.plist */ = {isa = PBXFileReference; lastKnownFileType = text.plist.xml; path = Info.plist; sourceTree = "<group>"; };
		39A906422105F47D00D93F0B /* WebsiteViewController.swift */ = {isa = PBXFileReference; lastKnownFileType = sourcecode.swift; path = WebsiteViewController.swift; sourceTree = "<group>"; };
		39AF91A520FA1B110072737E /* CategoryDetailViewController.swift */ = {isa = PBXFileReference; lastKnownFileType = sourcecode.swift; path = CategoryDetailViewController.swift; sourceTree = "<group>"; };
		39AF91A720FA40BA0072737E /* Website.swift */ = {isa = PBXFileReference; lastKnownFileType = sourcecode.swift; path = Website.swift; sourceTree = "<group>"; };
		39AF91A920FA41F40072737E /* Category.swift */ = {isa = PBXFileReference; lastKnownFileType = sourcecode.swift; path = Category.swift; sourceTree = "<group>"; };
		39AF91AB20FA4E510072737E /* DataModel.swift */ = {isa = PBXFileReference; lastKnownFileType = sourcecode.swift; path = DataModel.swift; sourceTree = "<group>"; };
		39F1755920FF6D0400BAE7F4 /* IconPickerViewController.swift */ = {isa = PBXFileReference; lastKnownFileType = sourcecode.swift; path = IconPickerViewController.swift; sourceTree = "<group>"; };
/* End PBXFileReference section */

/* Begin PBXFrameworksBuildPhase section */
		398409C120F778960025AAB2 /* Frameworks */ = {
			isa = PBXFrameworksBuildPhase;
			buildActionMask = 2147483647;
			files = (
			);
			runOnlyForDeploymentPostprocessing = 0;
		};
/* End PBXFrameworksBuildPhase section */

/* Begin PBXGroup section */
		39687A8C2101D64400FBAECC /* Data Models */ = {
			isa = PBXGroup;
			children = (
				39AF91AB20FA4E510072737E /* DataModel.swift */,
				39AF91A920FA41F40072737E /* Category.swift */,
				39AF91A720FA40BA0072737E /* Website.swift */,
			);
			path = "Data Models";
			sourceTree = "<group>";
		};
		39687A8D2101D66E00FBAECC /* View Controllers */ = {
			isa = PBXGroup;
			children = (
				398409C920F778960025AAB2 /* CategoriesViewController.swift */,
				39AF91A520FA1B110072737E /* CategoryDetailViewController.swift */,
				39F1755920FF6D0400BAE7F4 /* IconPickerViewController.swift */,
				39687A8E2102117000FBAECC /* WebsitesViewController.swift */,
				39A906422105F47D00D93F0B /* WebsiteViewController.swift */,
				39687A902102124000FBAECC /* WebsiteDetailViewController.swift */,
			);
			path = "View Controllers";
			sourceTree = "<group>";
		};
		398409BB20F778960025AAB2 = {
			isa = PBXGroup;
			children = (
				398409C620F778960025AAB2 /* MyNews */,
				398409C520F778960025AAB2 /* Products */,
			);
			sourceTree = "<group>";
		};
		398409C520F778960025AAB2 /* Products */ = {
			isa = PBXGroup;
			children = (
				398409C420F778960025AAB2 /* MyNews.app */,
			);
			name = Products;
			sourceTree = "<group>";
		};
		398409C620F778960025AAB2 /* MyNews */ = {
			isa = PBXGroup;
			children = (
				39687A8C2101D64400FBAECC /* Data Models */,
				39687A8D2101D66E00FBAECC /* View Controllers */,
				398409C720F778960025AAB2 /* AppDelegate.swift */,
				39175275211D9A1000D83630 /* MyNavigationController.swift */,
				398409CB20F778960025AAB2 /* Main.storyboard */,
				398409D020F778970025AAB2 /* LaunchScreen.storyboard */,
				398409CE20F778970025AAB2 /* Assets.xcassets */,
				398409D320F778970025AAB2 /* Info.plist */,
			);
			path = MyNews;
			sourceTree = "<group>";
		};
/* End PBXGroup section */

/* Begin PBXNativeTarget section */
		398409C320F778960025AAB2 /* MyNews */ = {
			isa = PBXNativeTarget;
			buildConfigurationList = 398409D620F778970025AAB2 /* Build configuration list for PBXNativeTarget "MyNews" */;
			buildPhases = (
				398409C020F778960025AAB2 /* Sources */,
				398409C120F778960025AAB2 /* Frameworks */,
				398409C220F778960025AAB2 /* Resources */,
			);
			buildRules = (
			);
			dependencies = (
			);
			name = MyNews;
			productName = MyNews;
			productReference = 398409C420F778960025AAB2 /* MyNews.app */;
			productType = "com.apple.product-type.application";
		};
/* End PBXNativeTarget section */

/* Begin PBXProject section */
		398409BC20F778960025AAB2 /* Project object */ = {
			isa = PBXProject;
			attributes = {
				LastSwiftUpdateCheck = 0940;
				LastUpgradeCheck = 0940;
				ORGANIZATIONNAME = "Bartłomiej Lubiński";
				TargetAttributes = {
					398409C320F778960025AAB2 = {
						CreatedOnToolsVersion = 9.4.1;
					};
				};
			};
			buildConfigurationList = 398409BF20F778960025AAB2 /* Build configuration list for PBXProject "MyNews" */;
			compatibilityVersion = "Xcode 9.3";
			developmentRegion = en;
			hasScannedForEncodings = 0;
			knownRegions = (
				en,
				Base,
			);
			mainGroup = 398409BB20F778960025AAB2;
			productRefGroup = 398409C520F778960025AAB2 /* Products */;
			projectDirPath = "";
			projectRoot = "";
			targets = (
				398409C320F778960025AAB2 /* MyNews */,
			);
		};
/* End PBXProject section */

/* Begin PBXResourcesBuildPhase section */
		398409C220F778960025AAB2 /* Resources */ = {
			isa = PBXResourcesBuildPhase;
			buildActionMask = 2147483647;
			files = (
				398409D220F778970025AAB2 /* LaunchScreen.storyboard in Resources */,
				398409CF20F778970025AAB2 /* Assets.xcassets in Resources */,
				398409CD20F778960025AAB2 /* Main.storyboard in Resources */,
			);
			runOnlyForDeploymentPostprocessing = 0;
		};
/* End PBXResourcesBuildPhase section */

/* Begin PBXSourcesBuildPhase section */
		398409C020F778960025AAB2 /* Sources */ = {
			isa = PBXSourcesBuildPhase;
			buildActionMask = 2147483647;
			files = (
				39175276211D9A1000D83630 /* MyNavigationController.swift in Sources */,
				39A906432105F47D00D93F0B /* WebsiteViewController.swift in Sources */,
				39AF91A620FA1B110072737E /* CategoryDetailViewController.swift in Sources */,
				39AF91AA20FA41F40072737E /* Category.swift in Sources */,
				398409CA20F778960025AAB2 /* CategoriesViewController.swift in Sources */,
				398409C820F778960025AAB2 /* AppDelegate.swift in Sources */,
				39687A8F2102117000FBAECC /* WebsitesViewController.swift in Sources */,
				39687A912102124000FBAECC /* WebsiteDetailViewController.swift in Sources */,
				39F1755A20FF6D0400BAE7F4 /* IconPickerViewController.swift in Sources */,
				39AF91A820FA40BA0072737E /* Website.swift in Sources */,
				39AF91AC20FA4E510072737E /* DataModel.swift in Sources */,
			);
			runOnlyForDeploymentPostprocessing = 0;
		};
/* End PBXSourcesBuildPhase section */

/* Begin PBXVariantGroup section */
		398409CB20F778960025AAB2 /* Main.storyboard */ = {
			isa = PBXVariantGroup;
			children = (
				398409CC20F778960025AAB2 /* Base */,
			);
			name = Main.storyboard;
			sourceTree = "<group>";
		};
		398409D020F778970025AAB2 /* LaunchScreen.storyboard */ = {
			isa = PBXVariantGroup;
			children = (
				398409D120F778970025AAB2 /* Base */,
			);
			name = LaunchScreen.storyboard;
			sourceTree = "<group>";
		};
/* End PBXVariantGroup section */

/* Begin XCBuildConfiguration section */
		398409D420F778970025AAB2 /* Debug */ = {
			isa = XCBuildConfiguration;
			buildSettings = {
				ALWAYS_SEARCH_USER_PATHS = NO;
				CLANG_ANALYZER_NONNULL = YES;
				CLANG_ANALYZER_NUMBER_OBJECT_CONVERSION = YES_AGGRESSIVE;
				CLANG_CXX_LANGUAGE_STANDARD = "gnu++14";
				CLANG_CXX_LIBRARY = "libc++";
				CLANG_ENABLE_MODULES = YES;
				CLANG_ENABLE_OBJC_ARC = YES;
				CLANG_ENABLE_OBJC_WEAK = YES;
				CLANG_WARN_BLOCK_CAPTURE_AUTORELEASING = YES;
				CLANG_WARN_BOOL_CONVERSION = YES;
				CLANG_WARN_COMMA = YES;
				CLANG_WARN_CONSTANT_CONVERSION = YES;
				CLANG_WARN_DEPRECATED_OBJC_IMPLEMENTATIONS = YES;
				CLANG_WARN_DIRECT_OBJC_ISA_USAGE = YES_ERROR;
				CLANG_WARN_DOCUMENTATION_COMMENTS = YES;
				CLANG_WARN_EMPTY_BODY = YES;
				CLANG_WARN_ENUM_CONVERSION = YES;
				CLANG_WARN_INFINITE_RECURSION = YES;
				CLANG_WARN_INT_CONVERSION = YES;
				CLANG_WARN_NON_LITERAL_NULL_CONVERSION = YES;
				CLANG_WARN_OBJC_IMPLICIT_RETAIN_SELF = YES;
				CLANG_WARN_OBJC_LITERAL_CONVERSION = YES;
				CLANG_WARN_OBJC_ROOT_CLASS = YES_ERROR;
				CLANG_WARN_RANGE_LOOP_ANALYSIS = YES;
				CLANG_WARN_STRICT_PROTOTYPES = YES;
				CLANG_WARN_SUSPICIOUS_MOVE = YES;
				CLANG_WARN_UNGUARDED_AVAILABILITY = YES_AGGRESSIVE;
				CLANG_WARN_UNREACHABLE_CODE = YES;
				CLANG_WARN__DUPLICATE_METHOD_MATCH = YES;
				CODE_SIGN_IDENTITY = "iPhone Developer";
				COPY_PHASE_STRIP = NO;
				DEBUG_INFORMATION_FORMAT = dwarf;
				ENABLE_STRICT_OBJC_MSGSEND = YES;
				ENABLE_TESTABILITY = YES;
				GCC_C_LANGUAGE_STANDARD = gnu11;
				GCC_DYNAMIC_NO_PIC = NO;
				GCC_NO_COMMON_BLOCKS = YES;
				GCC_OPTIMIZATION_LEVEL = 0;
				GCC_PREPROCESSOR_DEFINITIONS = (
					"DEBUG=1",
					"$(inherited)",
				);
				GCC_WARN_64_TO_32_BIT_CONVERSION = YES;
				GCC_WARN_ABOUT_RETURN_TYPE = YES_ERROR;
				GCC_WARN_UNDECLARED_SELECTOR = YES;
				GCC_WARN_UNINITIALIZED_AUTOS = YES_AGGRESSIVE;
				GCC_WARN_UNUSED_FUNCTION = YES;
				GCC_WARN_UNUSED_VARIABLE = YES;
				IPHONEOS_DEPLOYMENT_TARGET = 11.4;
				MTL_ENABLE_DEBUG_INFO = YES;
				ONLY_ACTIVE_ARCH = YES;
				SDKROOT = iphoneos;
				SWIFT_ACTIVE_COMPILATION_CONDITIONS = DEBUG;
				SWIFT_OPTIMIZATION_LEVEL = "-Onone";
			};
			name = Debug;
		};
		398409D520F778970025AAB2 /* Release */ = {
			isa = XCBuildConfiguration;
			buildSettings = {
				ALWAYS_SEARCH_USER_PATHS = NO;
				CLANG_ANALYZER_NONNULL = YES;
				CLANG_ANALYZER_NUMBER_OBJECT_CONVERSION = YES_AGGRESSIVE;
				CLANG_CXX_LANGUAGE_STANDARD = "gnu++14";
				CLANG_CXX_LIBRARY = "libc++";
				CLANG_ENABLE_MODULES = YES;
				CLANG_ENABLE_OBJC_ARC = YES;
				CLANG_ENABLE_OBJC_WEAK = YES;
				CLANG_WARN_BLOCK_CAPTURE_AUTORELEASING = YES;
				CLANG_WARN_BOOL_CONVERSION = YES;
				CLANG_WARN_COMMA = YES;
				CLANG_WARN_CONSTANT_CONVERSION = YES;
				CLANG_WARN_DEPRECATED_OBJC_IMPLEMENTATIONS = YES;
				CLANG_WARN_DIRECT_OBJC_ISA_USAGE = YES_ERROR;
				CLANG_WARN_DOCUMENTATION_COMMENTS = YES;
				CLANG_WARN_EMPTY_BODY = YES;
				CLANG_WARN_ENUM_CONVERSION = YES;
				CLANG_WARN_INFINITE_RECURSION = YES;
				CLANG_WARN_INT_CONVERSION = YES;
				CLANG_WARN_NON_LITERAL_NULL_CONVERSION = YES;
				CLANG_WARN_OBJC_IMPLICIT_RETAIN_SELF = YES;
				CLANG_WARN_OBJC_LITERAL_CONVERSION = YES;
				CLANG_WARN_OBJC_ROOT_CLASS = YES_ERROR;
				CLANG_WARN_RANGE_LOOP_ANALYSIS = YES;
				CLANG_WARN_STRICT_PROTOTYPES = YES;
				CLANG_WARN_SUSPICIOUS_MOVE = YES;
				CLANG_WARN_UNGUARDED_AVAILABILITY = YES_AGGRESSIVE;
				CLANG_WARN_UNREACHABLE_CODE = YES;
				CLANG_WARN__DUPLICATE_METHOD_MATCH = YES;
				CODE_SIGN_IDENTITY = "iPhone Developer";
				COPY_PHASE_STRIP = NO;
				DEBUG_INFORMATION_FORMAT = "dwarf-with-dsym";
				ENABLE_NS_ASSERTIONS = NO;
				ENABLE_STRICT_OBJC_MSGSEND = YES;
				GCC_C_LANGUAGE_STANDARD = gnu11;
				GCC_NO_COMMON_BLOCKS = YES;
				GCC_WARN_64_TO_32_BIT_CONVERSION = YES;
				GCC_WARN_ABOUT_RETURN_TYPE = YES_ERROR;
				GCC_WARN_UNDECLARED_SELECTOR = YES;
				GCC_WARN_UNINITIALIZED_AUTOS = YES_AGGRESSIVE;
				GCC_WARN_UNUSED_FUNCTION = YES;
				GCC_WARN_UNUSED_VARIABLE = YES;
				IPHONEOS_DEPLOYMENT_TARGET = 11.4;
				MTL_ENABLE_DEBUG_INFO = NO;
				SDKROOT = iphoneos;
				SWIFT_COMPILATION_MODE = wholemodule;
				SWIFT_OPTIMIZATION_LEVEL = "-O";
				VALIDATE_PRODUCT = YES;
			};
			name = Release;
		};
		398409D720F778970025AAB2 /* Debug */ = {
			isa = XCBuildConfiguration;
			buildSettings = {
				ASSETCATALOG_COMPILER_APPICON_NAME = AppIcon;
				CODE_SIGN_STYLE = Automatic;
				DEVELOPMENT_TEAM = X8X9495K6V;
				INFOPLIST_FILE = MyNews/Info.plist;
				LD_RUNPATH_SEARCH_PATHS = (
					"$(inherited)",
					"@executable_path/Frameworks",
				);
				PRODUCT_BUNDLE_IDENTIFIER = com.bapi.MyNews;
				PRODUCT_NAME = "$(TARGET_NAME)";
				SWIFT_VERSION = 4.0;
				TARGETED_DEVICE_FAMILY = "1,2";
			};
			name = Debug;
		};
		398409D820F778970025AAB2 /* Release */ = {
			isa = XCBuildConfiguration;
			buildSettings = {
				ASSETCATALOG_COMPILER_APPICON_NAME = AppIcon;
				CODE_SIGN_STYLE = Automatic;
				DEVELOPMENT_TEAM = X8X9495K6V;
				INFOPLIST_FILE = MyNews/Info.plist;
				LD_RUNPATH_SEARCH_PATHS = (
					"$(inherited)",
					"@executable_path/Frameworks",
				);
				PRODUCT_BUNDLE_IDENTIFIER = com.bapi.MyNews;
				PRODUCT_NAME = "$(TARGET_NAME)";
				SWIFT_VERSION = 4.0;
				TARGETED_DEVICE_FAMILY = "1,2";
			};
			name = Release;
		};
/* End XCBuildConfiguration section */

/* Begin XCConfigurationList section */
		398409BF20F778960025AAB2 /* Build configuration list for PBXProject "MyNews" */ = {
			isa = XCConfigurationList;
			buildConfigurations = (
				398409D420F778970025AAB2 /* Debug */,
				398409D520F778970025AAB2 /* Release */,
			);
			defaultConfigurationIsVisible = 0;
			defaultConfigurationName = Release;
		};
		398409D620F778970025AAB2 /* Build configuration list for PBXNativeTarget "MyNews" */ = {
			isa = XCConfigurationList;
			buildConfigurations = (
				398409D720F778970025AAB2 /* Debug */,
				398409D820F778970025AAB2 /* Release */,
			);
			defaultConfigurationIsVisible = 0;
			defaultConfigurationName = Release;
		};
/* End XCConfigurationList section */
	};
	rootObject = 398409BC20F778960025AAB2 /* Project object */;
}
